
Microsoft Visual Studio Solution File, Format Version 12.00
# Visual Studio 15
VisualStudioVersion = 15.0.28307.572
MinimumVisualStudioVersion = 10.0.40219.1
Project("{FAE04EC0-301F-11D3-BF4B-00C04F79EFBC}") = "_proje", "_proje\_proje.csproj", "{034DF66C-826B-4F36-A94C-3EF5B0FBA041}"
EndProject
Global
	GlobalSection(SolutionConfigurationPlatforms) = preSolution
		Debug|Any CPU = Debug|Any CPU
		Release|Any CPU = Release|Any CPU
	EndGlobalSection
	GlobalSection(ProjectConfigurationPlatforms) = postSolution
		{034DF66C-826B-4F36-A94C-3EF5B0FBA041}.Debug|Any CPU.ActiveCfg = Debug|Any CPU
		{034DF66C-826B-4F36-A94C-3EF5B0FBA041}.Debug|Any CPU.Build.0 = Debug|Any CPU
		{034DF66C-826B-4F36-A94C-3EF5B0FBA041}.Release|Any CPU.ActiveCfg = Release|Any CPU
		{034DF66C-826B-4F36-A94C-3EF5B0FBA041}.Release|Any CPU.Build.0 = Release|Any CPU
	EndGlobalSection
	GlobalSection(SolutionProperties) = preSolution
		HideSolutionNode = FALSE
	EndGlobalSection
	GlobalSection(ExtensibilityGlobals) = postSolution
		SolutionGuid = {06F508CE-1848-435C-8D11-453ADC75BF8E}
	EndGlobalSection
EndGlobal
